
Microsoft Visual Studio Solution File, Format Version 12.00
# Visual Studio 15
VisualStudioVersion = 15.0.26730.15
MinimumVisualStudioVersion = 10.0.40219.1
Project("{FAE04EC0-301F-11D3-BF4B-00C04F79EFBC}") = "RapidAppWeek2", "RapidAppWeek2\RapidAppWeek2.csproj", "{BA91140E-054B-453A-A317-7BD32D182B1B}"
EndProject
Global
	GlobalSection(SolutionConfigurationPlatforms) = preSolution
		Debug|Any CPU = Debug|Any CPU
		Release|Any CPU = Release|Any CPU
	EndGlobalSection
	GlobalSection(ProjectConfigurationPlatforms) = postSolution
		{BA91140E-054B-453A-A317-7BD32D182B1B}.Debug|Any CPU.ActiveCfg = Debug|Any CPU
		{BA91140E-054B-453A-A317-7BD32D182B1B}.Debug|Any CPU.Build.0 = Debug|Any CPU
		{BA91140E-054B-453A-A317-7BD32D182B1B}.Release|Any CPU.ActiveCfg = Release|Any CPU
		{BA91140E-054B-453A-A317-7BD32D182B1B}.Release|Any CPU.Build.0 = Release|Any CPU
	EndGlobalSection
	GlobalSection(SolutionProperties) = preSolution
		HideSolutionNode = FALSE
	EndGlobalSection
	GlobalSection(ExtensibilityGlobals) = postSolution
		SolutionGuid = {1ECE1DC5-59BB-4311-AF5A-624FD2233922}
	EndGlobalSection
EndGlobal
